
Microsoft Visual Studio Solution File, Format Version 12.00
# Visual Studio Version 17
VisualStudioVersion = 17.3.32929.385
MinimumVisualStudioVersion = 10.0.40219.1
Project("{888888A0-9F3D-457C-B088-3A5042F75D52}") = "PlumHound", "PlumHound.pyproj", "{B5F6722F-C594-4EC9-BCA4-490EEDCAB9E4}"
EndProject
Global
	GlobalSection(SolutionConfigurationPlatforms) = preSolution
		Debug|Any CPU = Debug|Any CPU
		Release|Any CPU = Release|Any CPU
	EndGlobalSection
	GlobalSection(ProjectConfigurationPlatforms) = postSolution
		{B5F6722F-C594-4EC9-BCA4-490EEDCAB9E4}.Debug|Any CPU.ActiveCfg = Debug|Any CPU
		{B5F6722F-C594-4EC9-BCA4-490EEDCAB9E4}.Release|Any CPU.ActiveCfg = Release|Any CPU
	EndGlobalSection
	GlobalSection(SolutionProperties) = preSolution
		HideSolutionNode = FALSE
	EndGlobalSection
	GlobalSection(ExtensibilityGlobals) = postSolution
		SolutionGuid = {3A5E02AD-4087-44F0-9856-EB3862424ADB}
	EndGlobalSection
EndGlobal
